
Microsoft Visual Studio Solution File, Format Version 11.00
# Visual Studio 2010
Project("{FAE04EC0-301F-11D3-BF4B-00C04F79EFBC}") = "Assembly-CSharp", "Assembly-CSharp.csproj", "{dc52ef8f-c3a3-57de-5d2f-9312e641d47e}"
EndProject
Project("{FAE04EC0-301F-11D3-BF4B-00C04F79EFBC}") = "Assembly-CSharp-Editor", "Assembly-CSharp-Editor.csproj", "{f80c0483-112d-809a-a55d-1a714b09d7e5}"
EndProject
Global
	GlobalSection(SolutionConfigurationPlatforms) = preSolution
		Debug|Any CPU = Debug|Any CPU
	EndGlobalSection
	GlobalSection(ProjectConfigurationPlatforms) = postSolution
		{dc52ef8f-c3a3-57de-5d2f-9312e641d47e}.Debug|Any CPU.ActiveCfg = Debug|Any CPU
		{dc52ef8f-c3a3-57de-5d2f-9312e641d47e}.Debug|Any CPU.Build.0 = Debug|Any CPU
		{f80c0483-112d-809a-a55d-1a714b09d7e5}.Debug|Any CPU.ActiveCfg = Debug|Any CPU
		{f80c0483-112d-809a-a55d-1a714b09d7e5}.Debug|Any CPU.Build.0 = Debug|Any CPU
	EndGlobalSection
	GlobalSection(SolutionProperties) = preSolution
		HideSolutionNode = FALSE
	EndGlobalSection
EndGlobal
